
Microsoft Visual Studio Solution File, Format Version 12.00
# Visual Studio 15
VisualStudioVersion = 15.0.28307.960
MinimumVisualStudioVersion = 10.0.40219.1
Project("{A0786B88-2ADB-4C21-ABE8-AA2D79766269}") = "mc3", "mc3.phpproj", "{7276660F-E3A3-4C66-88F6-49F0D6CC9D19}"
EndProject
Global
	GlobalSection(SolutionConfigurationPlatforms) = preSolution
		Debug|Any CPU = Debug|Any CPU
		Release|Any CPU = Release|Any CPU
	EndGlobalSection
	GlobalSection(ProjectConfigurationPlatforms) = postSolution
		{7276660F-E3A3-4C66-88F6-49F0D6CC9D19}.Debug|Any CPU.ActiveCfg = Debug|Any CPU
		{7276660F-E3A3-4C66-88F6-49F0D6CC9D19}.Release|Any CPU.ActiveCfg = Release|Any CPU
	EndGlobalSection
	GlobalSection(SolutionProperties) = preSolution
		HideSolutionNode = FALSE
	EndGlobalSection
	GlobalSection(ExtensibilityGlobals) = postSolution
		SolutionGuid = {F4517C80-2AD6-41A4-A8ED-2B2780D0103D}
	EndGlobalSection
EndGlobal
